{
  "version": 4,
  "terraform_version": "1.7.3",
  "serial": 236,
  "lineage": "8e6e1a41-ad8f-9774-93b4-44b44bcc4b0f",
  "outputs": {
    "autoscaler_access_key_id": {
      "value": "LTAI5tBKKniYJLKJDJggMXqb",
      "type": "string"
    },
    "autoscaler_access_key_secret": {
      "value": "jQhStiCmTnbsUUSbrGWIC2wGWjwA9H",
      "type": "string",
      "sensitive": true
    },
    "autoscaler_policy_name": {
      "value": "autoscaler",
      "type": "string"
    },
    "autoscaler_user_name": {
      "value": "autoscaler",
      "type": "string"
    },
    "hudhud_DBpassword": {
      "value": [
        {
          "database": "hudhud",
          "password": "gEwu%F5qk6Ovh6l1"
        },
        {
          "database": "hudhud_keycloak",
          "password": "h6Cww2JXSc-iVqa^"
        }
      ],
      "type": [
        "tuple",
        [
          [
            "object",
            {
              "database": "string",
              "password": "string"
            }
          ],
          [
            "object",
            {
              "database": "string",
              "password": "string"
            }
          ]
        ]
      ],
      "sensitive": true
    },
    "private_subnet_a_id": {
      "value": "vsw-l4vu2jzmyksu16u25ya54",
      "type": "string"
    },
    "private_subnet_b_id": {
      "value": "vsw-l4vbtl23splz54dnk421l",
      "type": "string"
    },
    "public_subnet_a_id": {
      "value": "vsw-l4vf4z8lxhls8j00zyc47",
      "type": "string"
    },
    "public_subnet_b_id": {
      "value": "vsw-l4v8mfzr1fm96a3v3tymc",
      "type": "string"
    },
    "vpc_id": {
      "value": "vpc-l4vaussepa03fiokfx18h",
      "type": "string"
    },
    "vpn_security_group_id": {
      "value": "sg-l4v168vbtbbveci83j1o",
      "type": "string"
    }
  },
  "resources": [
    {
      "mode": "managed",
      "type": "alicloud_oss_bucket",
      "name": "buckets",
      "provider": "provider[\"registry.terraform.io/hashicorp/alicloud\"]",
      "instances": [
        {
          "index_key": "bucket1-unique-name",
          "schema_version": 0,
          "attributes": {
            "access_monitor": [
              {
                "status": "Disabled"
              }
            ],
            "acl": "private",
            "bucket": "bucket1-unique-name",
            "cors_rule": [],
            "creation_date": "2024-07-23",
            "extranet_endpoint": "oss-me-central-1.aliyuncs.com",
            "force_destroy": false,
            "id": "bucket1-unique-name",
            "intranet_endpoint": "oss-me-central-1-internal.aliyuncs.com",
            "lifecycle_rule": [],
            "lifecycle_rule_allow_same_action_overlap": false,
            "location": "oss-me-central-1",
            "logging": [],
            "logging_isenable": null,
            "owner": "5507915163376274",
            "policy": "{\"Statement\":[{\"Action\":[\"oss:*\"],\"Effect\":\"Allow\",\"Principal\":[\"acs:ram::219950721732151950:root\"],\"Resource\":[\"acs:oss:*:*:bucket1-unique-name\",\"acs:oss:*:*:bucket1-unique-name/*\"]}],\"Version\":\"1\"}",
            "redundancy_type": "LRS",
            "referer_config": [],
            "resource_group_id": "rg-acfnvndp7cwbveq",
            "server_side_encryption_rule": [],
            "storage_class": "Standard",
            "tags": null,
            "transfer_acceleration": [],
            "versioning": [],
            "website": []
          },
          "sensitive_attributes": [],
          "private": "bnVsbA==",
          "dependencies": [
            "alicloud_ram_user.bucket_users"
          ]
        },
        {
          "index_key": "bucket2-unique-name",
          "schema_version": 0,
          "attributes": {
            "access_monitor": [
              {
                "status": "Disabled"
              }
            ],
            "acl": "public-read",
            "bucket": "bucket2-unique-name",
            "cors_rule": [],
            "creation_date": "2024-07-23",
            "extranet_endpoint": "oss-me-central-1.aliyuncs.com",
            "force_destroy": false,
            "id": "bucket2-unique-name",
            "intranet_endpoint": "oss-me-central-1-internal.aliyuncs.com",
            "lifecycle_rule": [],
            "lifecycle_rule_allow_same_action_overlap": false,
            "location": "oss-me-central-1",
            "logging": [],
            "logging_isenable": null,
            "owner": "5507915163376274",
            "policy": "{\"Statement\":[{\"Action\":[\"oss:*\"],\"Effect\":\"Allow\",\"Principal\":[\"acs:ram::218595221732152090:root\"],\"Resource\":[\"acs:oss:*:*:bucket2-unique-name\",\"acs:oss:*:*:bucket2-unique-name/*\"]}],\"Version\":\"1\"}",
            "redundancy_type": "LRS",
            "referer_config": [],
            "resource_group_id": "rg-acfnvndp7cwbveq",
            "server_side_encryption_rule": [],
            "storage_class": "Standard",
            "tags": null,
            "transfer_acceleration": [],
            "versioning": [],
            "website": []
          },
          "sensitive_attributes": [],
          "private": "bnVsbA==",
          "dependencies": [
            "alicloud_ram_user.bucket_users"
          ]
        }
      ]
    },
    {
      "mode": "managed",
      "type": "alicloud_ram_access_key",
      "name": "access_keys",
      "provider": "provider[\"registry.terraform.io/hashicorp/alicloud\"]",
      "instances": [
        {
          "index_key": "bucket1-unique-name",
          "schema_version": 0,
          "attributes": {
            "encrypted_secret": null,
            "id": "LTAI5tQTp9mabZaBoJ4nwNp8",
            "key_fingerprint": null,
            "pgp_key": null,
            "secret": "12eWlxenj2RtqU6D5lWQ5G4LSbgMZN",
            "secret_file": "bucket1-unique-name",
            "status": "Active",
            "user_name": "bucket1-unique-name"
          },
          "sensitive_attributes": [],
          "private": "bnVsbA=="
        }
      ]
    },
    {
      "mode": "managed",
      "type": "alicloud_ram_access_key",
      "name": "autoscaler_access_key",
      "provider": "provider[\"registry.terraform.io/hashicorp/alicloud\"]",
      "instances": [
        {
          "schema_version": 0,
          "attributes": {
            "encrypted_secret": null,
            "id": "LTAI5tBKKniYJLKJDJggMXqb",
            "key_fingerprint": null,
            "pgp_key": null,
            "secret": "jQhStiCmTnbsUUSbrGWIC2wGWjwA9H",
            "secret_file": null,
            "status": "Active",
            "user_name": "autoscaler"
          },
          "sensitive_attributes": [],
          "private": "bnVsbA==",
          "dependencies": [
            "alicloud_ram_user.autoscaler"
          ]
        }
      ]
    },
    {
      "mode": "managed",
      "type": "alicloud_ram_policy",
      "name": "autoscaler_policy",
      "provider": "provider[\"registry.terraform.io/hashicorp/alicloud\"]",
      "instances": [
        {
          "schema_version": 0,
          "attributes": {
            "attachment_count": 0,
            "default_version": "v1",
            "description": "",
            "document": "{\n  \"Version\": \"1\",\n  \"Statement\": [\n    {\n      \"Action\": [\n        \"ess:Describe*\",\n        \"ess:CreateScalingRule\",\n        \"ess:ModifyScalingGroup\",\n        \"ess:RemoveInstances\",\n        \"ess:ExecuteScalingRule\",\n        \"ess:ModifyScalingRule\",\n        \"ess:DeleteScalingRule\",\n        \"ess:DetachInstances\",\n        \"ecs:DescribeInstanceTypes\"\n      ],\n      \"Resource\": [\n        \"*\"\n      ],\n      \"Effect\": \"Allow\"\n    }\n  ]\n}\n",
            "force": null,
            "id": "autoscaler",
            "name": "autoscaler",
            "policy_document": "{\n  \"Version\": \"1\",\n  \"Statement\": [\n    {\n      \"Action\": [\n        \"ess:Describe*\",\n        \"ess:CreateScalingRule\",\n        \"ess:ModifyScalingGroup\",\n        \"ess:RemoveInstances\",\n        \"ess:ExecuteScalingRule\",\n        \"ess:ModifyScalingRule\",\n        \"ess:DeleteScalingRule\",\n        \"ess:DetachInstances\",\n        \"ecs:DescribeInstanceTypes\"\n      ],\n      \"Resource\": [\n        \"*\"\n      ],\n      \"Effect\": \"Allow\"\n    }\n  ]\n}\n",
            "policy_name": "autoscaler",
            "rotate_strategy": null,
            "statement": [
              {
                "action": [
                  "ess:Describe*",
                  "ess:CreateScalingRule",
                  "ess:ModifyScalingGroup",
                  "ess:RemoveInstances",
                  "ess:ExecuteScalingRule",
                  "ess:ModifyScalingRule",
                  "ess:DeleteScalingRule",
                  "ess:DetachInstances",
                  "ecs:DescribeInstanceTypes"
                ],
                "effect": "Allow",
                "resource": [
                  "*"
                ]
              }
            ],
            "timeouts": null,
            "type": "Custom",
            "version": "1",
            "version_id": "v1"
          },
          "sensitive_attributes": [],
          "private": "eyJlMmJmYjczMC1lY2FhLTExZTYtOGY4OC0zNDM2M2JjN2M0YzAiOnsiZGVsZXRlIjoxNTYwMDAwMDAwMDAwfX0="
        }
      ]
    },
    {
      "mode": "managed",
      "type": "alicloud_ram_user",
      "name": "autoscaler",
      "provider": "provider[\"registry.terraform.io/hashicorp/alicloud\"]",
      "instances": [
        {
          "schema_version": 0,
          "attributes": {
            "comments": "",
            "display_name": "",
            "email": "",
            "force": null,
            "id": "210512121732151995",
            "mobile": "",
            "name": "autoscaler",
            "timeouts": null
          },
          "sensitive_attributes": [],
          "private": "eyJlMmJmYjczMC1lY2FhLTExZTYtOGY4OC0zNDM2M2JjN2M0YzAiOnsiY3JlYXRlIjoxODAwMDAwMDAwMDAsImRlbGV0ZSI6MTgwMDAwMDAwMDAwLCJ1cGRhdGUiOjE4MDAwMDAwMDAwMH19"
        }
      ]
    },
    {
      "mode": "managed",
      "type": "alicloud_ram_user",
      "name": "bucket_users",
      "provider": "provider[\"registry.terraform.io/hashicorp/alicloud\"]",
      "instances": [
        {
          "index_key": "bucket1-unique-name",
          "schema_version": 0,
          "attributes": {
            "comments": "",
            "display_name": "",
            "email": "",
            "force": null,
            "id": "219950721732151950",
            "mobile": "",
            "name": "bucket1-unique-name",
            "timeouts": null
          },
          "sensitive_attributes": [],
          "private": "eyJlMmJmYjczMC1lY2FhLTExZTYtOGY4OC0zNDM2M2JjN2M0YzAiOnsiY3JlYXRlIjoxODAwMDAwMDAwMDAsImRlbGV0ZSI6MTgwMDAwMDAwMDAwLCJ1cGRhdGUiOjE4MDAwMDAwMDAwMH19"
        },
        {
          "index_key": "bucket2-unique-name",
          "schema_version": 0,
          "attributes": {
            "comments": "",
            "display_name": "",
            "email": "",
            "force": null,
            "id": "218595221732152090",
            "mobile": "",
            "name": "bucket2-unique-name",
            "timeouts": null
          },
          "sensitive_attributes": [],
          "private": "eyJlMmJmYjczMC1lY2FhLTExZTYtOGY4OC0zNDM2M2JjN2M0YzAiOnsiY3JlYXRlIjoxODAwMDAwMDAwMDAsImRlbGV0ZSI6MTgwMDAwMDAwMDAwLCJ1cGRhdGUiOjE4MDAwMDAwMDAwMH19"
        }
      ]
    },
    {
      "mode": "managed",
      "type": "alicloud_ram_user_policy_attachment",
      "name": "autoscaler_policy_attachment",
      "provider": "provider[\"registry.terraform.io/hashicorp/alicloud\"]",
      "instances": [
        {
          "schema_version": 0,
          "attributes": {
            "id": "user:autoscaler:Custom:autoscaler",
            "policy_name": "autoscaler",
            "policy_type": "Custom",
            "user_name": "autoscaler"
          },
          "sensitive_attributes": [],
          "private": "bnVsbA==",
          "dependencies": [
            "alicloud_ram_policy.autoscaler_policy",
            "alicloud_ram_user.autoscaler"
          ]
        }
      ]
    },
    {
      "mode": "managed",
      "type": "alicloud_security_group",
      "name": "source_sg",
      "provider": "provider[\"registry.terraform.io/hashicorp/alicloud\"]",
      "instances": [
        {
          "schema_version": 0,
          "attributes": {
            "description": "Source security group",
            "id": "sg-l4vcaxpt8h8qkykdnohn",
            "inner_access": true,
            "inner_access_policy": "Accept",
            "name": "source-sg",
            "resource_group_id": "",
            "security_group_type": "normal",
            "tags": null,
            "timeouts": null,
            "vpc_id": "vpc-l4vaussepa03fiokfx18h"
          },
          "sensitive_attributes": [],
          "private": "eyJlMmJmYjczMC1lY2FhLTExZTYtOGY4OC0zNDM2M2JjN2M0YzAiOnsiZGVsZXRlIjo2MDAwMDAwMDAwMDB9fQ==",
          "dependencies": [
            "alicloud_vpc.main"
          ]
        }
      ]
    },
    {
      "mode": "managed",
      "type": "alicloud_security_group",
      "name": "vpn_sg",
      "provider": "provider[\"registry.terraform.io/hashicorp/alicloud\"]",
      "instances": [
        {
          "schema_version": 0,
          "attributes": {
            "description": "Security group for VPN",
            "id": "sg-l4v168vbtbbveci83j1o",
            "inner_access": true,
            "inner_access_policy": "Accept",
            "name": "vpn-sg",
            "resource_group_id": "",
            "security_group_type": "normal",
            "tags": null,
            "timeouts": null,
            "vpc_id": "vpc-l4vaussepa03fiokfx18h"
          },
          "sensitive_attributes": [],
          "private": "eyJlMmJmYjczMC1lY2FhLTExZTYtOGY4OC0zNDM2M2JjN2M0YzAiOnsiZGVsZXRlIjo2MDAwMDAwMDAwMDB9fQ==",
          "dependencies": [
            "alicloud_vpc.main"
          ]
        }
      ]
    },
    {
      "mode": "managed",
      "type": "alicloud_security_group_rule",
      "name": "vpn_egress",
      "provider": "provider[\"registry.terraform.io/hashicorp/alicloud\"]",
      "instances": [
        {
          "schema_version": 0,
          "attributes": {
            "cidr_ip": "0.0.0.0/0",
            "description": "",
            "id": "sg-l4v168vbtbbveci83j1o:egress:all:-1/-1:\u003cnil\u003e:0.0.0.0/0:accept:1",
            "ip_protocol": "all",
            "ipv6_cidr_ip": "",
            "nic_type": "intranet",
            "policy": "accept",
            "port_range": "-1/-1",
            "prefix_list_id": "",
            "priority": 1,
            "security_group_id": "sg-l4v168vbtbbveci83j1o",
            "source_group_owner_account": "",
            "source_security_group_id": "",
            "type": "egress"
          },
          "sensitive_attributes": [],
          "private": "bnVsbA==",
          "dependencies": [
            "alicloud_security_group.vpn_sg",
            "alicloud_vpc.main"
          ]
        }
      ]
    },
    {
      "mode": "managed",
      "type": "alicloud_security_group_rule",
      "name": "vpn_ingress",
      "provider": "provider[\"registry.terraform.io/hashicorp/alicloud\"]",
      "instances": [
        {
          "schema_version": 0,
          "attributes": {
            "cidr_ip": "",
            "description": "",
            "id": "sg-l4v168vbtbbveci83j1o:ingress:all:-1/-1:\u003cnil\u003e:sg-l4vcaxpt8h8qkykdnohn:accept:1",
            "ip_protocol": "all",
            "ipv6_cidr_ip": "",
            "nic_type": "intranet",
            "policy": "accept",
            "port_range": "-1/-1",
            "prefix_list_id": "",
            "priority": 1,
            "security_group_id": "sg-l4v168vbtbbveci83j1o",
            "source_group_owner_account": "",
            "source_security_group_id": "sg-l4vcaxpt8h8qkykdnohn",
            "type": "ingress"
          },
          "sensitive_attributes": [],
          "private": "bnVsbA==",
          "dependencies": [
            "alicloud_security_group.source_sg",
            "alicloud_security_group.vpn_sg",
            "alicloud_vpc.main"
          ]
        }
      ]
    },
    {
      "mode": "managed",
      "type": "alicloud_vpc",
      "name": "main",
      "provider": "provider[\"registry.terraform.io/hashicorp/alicloud\"]",
      "instances": [
        {
          "schema_version": 0,
          "attributes": {
            "cidr_block": "10.0.0.0/16",
            "classic_link_enabled": false,
            "create_time": "2024-07-23T10:55:55Z",
            "description": "",
            "dry_run": null,
            "enable_ipv6": false,
            "id": "vpc-l4vaussepa03fiokfx18h",
            "ipv4_ipam_pool_id": null,
            "ipv6_cidr_block": "",
            "ipv6_cidr_blocks": [],
            "ipv6_isp": null,
            "name": "staging-vpc",
            "resource_group_id": "rg-acfnvndp7cwbveq",
            "route_table_id": "vtb-l4vep11ynf6ex41ehxrpf",
            "router_id": "vrt-l4vobd25wm7ly2k39g22q",
            "router_table_id": "vtb-l4vep11ynf6ex41ehxrpf",
            "secondary_cidr_blocks": [],
            "status": "Available",
            "tags": null,
            "timeouts": null,
            "user_cidrs": [],
            "vpc_name": "staging-vpc"
          },
          "sensitive_attributes": [],
          "private": "eyJlMmJmYjczMC1lY2FhLTExZTYtOGY4OC0zNDM2M2JjN2M0YzAiOnsiY3JlYXRlIjozMDAwMDAwMDAwMDAsImRlbGV0ZSI6MzAwMDAwMDAwMDAwLCJ1cGRhdGUiOjMwMDAwMDAwMDAwMH19"
        }
      ]
    },
    {
      "mode": "managed",
      "type": "alicloud_vswitch",
      "name": "private_a",
      "provider": "provider[\"registry.terraform.io/hashicorp/alicloud\"]",
      "instances": [
        {
          "schema_version": 0,
          "attributes": {
            "availability_zone": "me-central-1a",
            "cidr_block": "10.0.1.0/24",
            "create_time": "2024-07-23T10:56:12Z",
            "description": "",
            "enable_ipv6": null,
            "id": "vsw-l4vu2jzmyksu16u25ya54",
            "ipv6_cidr_block": "",
            "ipv6_cidr_block_mask": null,
            "name": "private-a",
            "status": "Available",
            "tags": null,
            "timeouts": null,
            "vpc_id": "vpc-l4vaussepa03fiokfx18h",
            "vswitch_name": "private-a",
            "zone_id": "me-central-1a"
          },
          "sensitive_attributes": [],
          "private": "eyJlMmJmYjczMC1lY2FhLTExZTYtOGY4OC0zNDM2M2JjN2M0YzAiOnsiY3JlYXRlIjozMDAwMDAwMDAwMDAsImRlbGV0ZSI6NjAwMDAwMDAwMDAwLCJ1cGRhdGUiOjMwMDAwMDAwMDAwMH19",
          "dependencies": [
            "alicloud_vpc.main"
          ]
        }
      ]
    },
    {
      "mode": "managed",
      "type": "alicloud_vswitch",
      "name": "private_b",
      "provider": "provider[\"registry.terraform.io/hashicorp/alicloud\"]",
      "instances": [
        {
          "schema_version": 0,
          "attributes": {
            "availability_zone": "me-central-1b",
            "cidr_block": "10.0.2.0/24",
            "create_time": "2024-07-23T10:56:02Z",
            "description": "",
            "enable_ipv6": null,
            "id": "vsw-l4vbtl23splz54dnk421l",
            "ipv6_cidr_block": "",
            "ipv6_cidr_block_mask": null,
            "name": "private-b",
            "status": "Available",
            "tags": null,
            "timeouts": null,
            "vpc_id": "vpc-l4vaussepa03fiokfx18h",
            "vswitch_name": "private-b",
            "zone_id": "me-central-1b"
          },
          "sensitive_attributes": [],
          "private": "eyJlMmJmYjczMC1lY2FhLTExZTYtOGY4OC0zNDM2M2JjN2M0YzAiOnsiY3JlYXRlIjozMDAwMDAwMDAwMDAsImRlbGV0ZSI6NjAwMDAwMDAwMDAwLCJ1cGRhdGUiOjMwMDAwMDAwMDAwMH19",
          "dependencies": [
            "alicloud_vpc.main"
          ]
        }
      ]
    },
    {
      "mode": "managed",
      "type": "alicloud_vswitch",
      "name": "public_a",
      "provider": "provider[\"registry.terraform.io/hashicorp/alicloud\"]",
      "instances": [
        {
          "schema_version": 0,
          "attributes": {
            "availability_zone": "me-central-1a",
            "cidr_block": "10.0.128.0/24",
            "create_time": "2024-07-23T10:56:05Z",
            "description": "",
            "enable_ipv6": null,
            "id": "vsw-l4vf4z8lxhls8j00zyc47",
            "ipv6_cidr_block": "",
            "ipv6_cidr_block_mask": null,
            "name": "public-a",
            "status": "Available",
            "tags": null,
            "timeouts": null,
            "vpc_id": "vpc-l4vaussepa03fiokfx18h",
            "vswitch_name": "public-a",
            "zone_id": "me-central-1a"
          },
          "sensitive_attributes": [],
          "private": "eyJlMmJmYjczMC1lY2FhLTExZTYtOGY4OC0zNDM2M2JjN2M0YzAiOnsiY3JlYXRlIjozMDAwMDAwMDAwMDAsImRlbGV0ZSI6NjAwMDAwMDAwMDAwLCJ1cGRhdGUiOjMwMDAwMDAwMDAwMH19",
          "dependencies": [
            "alicloud_vpc.main"
          ]
        }
      ]
    },
    {
      "mode": "managed",
      "type": "alicloud_vswitch",
      "name": "public_b",
      "provider": "provider[\"registry.terraform.io/hashicorp/alicloud\"]",
      "instances": [
        {
          "schema_version": 0,
          "attributes": {
            "availability_zone": "me-central-1b",
            "cidr_block": "10.0.129.0/24",
            "create_time": "2024-07-23T10:56:05Z",
            "description": "",
            "enable_ipv6": null,
            "id": "vsw-l4v8mfzr1fm96a3v3tymc",
            "ipv6_cidr_block": "",
            "ipv6_cidr_block_mask": null,
            "name": "public-b",
            "status": "Available",
            "tags": null,
            "timeouts": null,
            "vpc_id": "vpc-l4vaussepa03fiokfx18h",
            "vswitch_name": "public-b",
            "zone_id": "me-central-1b"
          },
          "sensitive_attributes": [],
          "private": "eyJlMmJmYjczMC1lY2FhLTExZTYtOGY4OC0zNDM2M2JjN2M0YzAiOnsiY3JlYXRlIjozMDAwMDAwMDAwMDAsImRlbGV0ZSI6NjAwMDAwMDAwMDAwLCJ1cGRhdGUiOjMwMDAwMDAwMDAwMH19",
          "dependencies": [
            "alicloud_vpc.main"
          ]
        }
      ]
    },
    {
      "mode": "managed",
      "type": "random_password",
      "name": "db_passwords",
      "provider": "provider[\"registry.terraform.io/hashicorp/random\"]",
      "instances": [
        {
          "index_key": 0,
          "schema_version": 3,
          "attributes": {
            "bcrypt_hash": "$2a$10$QN/a0zTvoCW5jBZTamUa/.sv.4Qv3YJGYeBLiAj4Q0ote2ct1KK3y",
            "id": "none",
            "keepers": null,
            "length": 16,
            "lower": true,
            "min_lower": 0,
            "min_numeric": 0,
            "min_special": 0,
            "min_upper": 0,
            "number": true,
            "numeric": true,
            "override_special": "^-%()",
            "result": "gEwu%F5qk6Ovh6l1",
            "special": true,
            "upper": true
          },
          "sensitive_attributes": []
        },
        {
          "index_key": 1,
          "schema_version": 3,
          "attributes": {
            "bcrypt_hash": "$2a$10$XvdrE7Ytz1ApScPfDQuvCOGFOCxtB74GOwv35U5FrjkQqPOn3mayq",
            "id": "none",
            "keepers": null,
            "length": 16,
            "lower": true,
            "min_lower": 0,
            "min_numeric": 0,
            "min_special": 0,
            "min_upper": 0,
            "number": true,
            "numeric": true,
            "override_special": "^-%()",
            "result": "h6Cww2JXSc-iVqa^",
            "special": true,
            "upper": true
          },
          "sensitive_attributes": []
        }
      ]
    }
  ],
  "check_results": null
}
